{
    "_meta": {
        "hash": {
            "sha256": "25e1c7d9ea1305bfd532f04439f644ead94f9bf2fd7bd0213433b5b7c0569ae2"
        },
        "pipfile-spec": 6,
        "requires": {
            "python_version": "3.6"
        },
        "sources": [
            {
                "name": "pypi",
                "url": "https://pypi.org/simple",
                "verify_ssl": true
            }
        ]
    },
    "default": {
        "anyio": {
            "hashes": [
                "sha256:413adf95f93886e442aea925f3ee43baa5a765a64a0f52c6081894f9992fdd0b",
                "sha256:cb29b9c70620506a9a8f87a309591713446953302d7d995344d0d7c6c0c9a7be"
            ],
            "markers": "python_full_version >= '3.6.2'",
            "version": "==3.6.1"
        },
        "asgiref": {
            "hashes": [
                "sha256:4ef1ab46b484e3c706329cedeff284a5d40824200638503f5768edb6de7d58e9",
                "sha256:ffc141aa908e6f175673e7b1b3b7af4fdb0ecb738fc5c8b88f69f055c2415214"
            ],
            "markers": "python_version >= '3.6'",
            "version": "==3.4.1"
        },
        "certifi": {
            "hashes": [
                "sha256:9c5705e395cd70084351dd8ad5c41e65655e08ce46f2ec9cf6c2c08390f71eb7",
                "sha256:f1d53542ee8cbedbe2118b5686372fb33c297fcd6379b050cca0ef13a597382a"
            ],
            "markers": "python_version >= '3.6'",
            "version": "==2022.5.18.1"
        },
        "charset-normalizer": {
            "hashes": [
                "sha256:2857e29ff0d34db842cd7ca3230549d1a697f96ee6d3fb071cfa6c7393832597",
                "sha256:6881edbebdb17b39b4eaaa821b438bf6eddffb4468cf344f09f89def34a8b1df"
            ],
            "markers": "python_version >= '3'",
            "version": "==2.0.12"
        },
        "click": {
            "hashes": [
                "sha256:6a7a62563bbfabfda3a38f3023a1db4a35978c0abd76f6c9605ecd6554d6d9b1",
                "sha256:8458d7b1287c5fb128c90e23381cf99dcde74beaf6c7ff6384ce84d6fe090adb"
            ],
            "markers": "python_version >= '3.6'",
            "version": "==8.0.4"
        },
        "contextlib2": {
            "hashes": [
                "sha256:3fbdb64466afd23abaf6c977627b75b6139a5a3e8ce38405c5b413aed7a0471f",
                "sha256:ab1e2bfe1d01d968e1b7e8d9023bc51ef3509bba217bb730cee3827e1ee82869"
            ],
            "markers": "python_version < '3.7'",
            "version": "==21.6.0"
        },
        "contextvars": {
            "hashes": [
                "sha256:f38c908aaa59c14335eeea12abea5f443646216c4e29380d7bf34d2018e2c39e"
            ],
            "markers": "python_version < '3.7'",
            "version": "==2.4"
        },
        "dataclasses": {
            "hashes": [
                "sha256:0201d89fa866f68c8ebd9d08ee6ff50c0b255f8ec63a71c16fda7af82bb887bf",
                "sha256:8479067f342acf957dc82ec415d355ab5edb7e7646b90dc6e2fd1d96ad084c97"
            ],
            "markers": "python_version < '3.7'",
            "version": "==0.8"
        },
        "fastapi": {
            "hashes": [
                "sha256:15fcabd5c78c266fa7ae7d8de9b384bfc2375ee0503463a6febbe3bab69d6f65",
                "sha256:3233d4a789ba018578658e2af1a4bb5e38bdd122ff722b313666a9b2c6786a83"
            ],
            "index": "pypi",
            "version": "==0.78.0"
        },
        "h11": {
            "hashes": [
                "sha256:70813c1135087a248a4d38cc0e1a0181ffab2188141a93eaf567940c3957ff06",
                "sha256:8ddd78563b633ca55346c8cd41ec0af27d3c79931828beffb46ce70a379e7442"
            ],
            "markers": "python_version >= '3.6'",
            "version": "==0.13.0"
        },
        "idna": {
            "hashes": [
                "sha256:84d9dd047ffa80596e0f246e2eab0b391788b0503584e8945f2368256d2735ff",
                "sha256:9d643ff0a55b762d5cdb124b8eaa99c66322e2157b69160bc32796e824360e6d"
            ],
            "markers": "python_version >= '3'",
            "version": "==3.3"
        },
        "immutables": {
            "hashes": [
                "sha256:03696193b276db3a9b619629685198886ddd7c4098c544bd8d0f87532c74120b",
                "sha256:13159cedb698fdd243d9f2a7469c1628e075a180fc02f865dd98322b92a14aaf",
                "sha256:1330f96eb6a3a11f5d02f30b2c6393ef30d01a79f7144d63d2a3e6ff05cb99db",
                "sha256:1338aad6fd69f11442adcbb3402a028c90f6e945682ddb8aba462a3827f2d427",
                "sha256:1acbbc333f1643fd1ed21bcc3e09aad2ef6648478a0cae76a2ca5823764a7d3b",
                "sha256:1d6821d7718cf9f4a7b1d9e765fc22a9d1ae0fad3fabd8724b4e614d2a6e0b54",
                "sha256:210efea163a704597cfdb2d30713d3c0963c30f0d997539c9ab5da40e3d6a886",
                "sha256:29a5886845cd0ca8263b721337750a895e28feee2f16694a526977a791909db5",
                "sha256:2aa5292630b08c874972931bac06ee381cb6fb7382d7be1856234d7bd4a8e676",
                "sha256:2b6c820c9bb5aac62b76de703384bb8bb706108be90c3def4a7f047f185a92bb",
                "sha256:45bd862a5dfb952eaff4a9c2448712c5a550dd956575e23cbfc512010fb06c74",
                "sha256:525fe9001b5a96c325eec41677efaeb8c3610776e834ce7f31fbe3d33cc05252",
                "sha256:5336c7974084cce62f7e29aaff81a3c3f75e0fd0a23a2faeb986ae0ea08d8cf4",
                "sha256:535616ad7ca1174a27ade637192c970bfedb0b0e0467e69ce415b40d7cf7ba0c",
                "sha256:53fccddd28cc3214aa48ca564702311c07eac069190dd890e097802c5d69b33a",
                "sha256:54577e46c5332d7390212040c084335b7d667504847ed2788428d44f20e595ce",
                "sha256:5caf9c670e6851e7f310716c7dcdf8705236d13056eda1fab3deaad5d7198468",
                "sha256:5d43b16b6adbe1327c6688e14b125cb3b940e748790b305de96c8d55668ac25f",
                "sha256:5f32b5933393e4cc204d8f9e7d9f503ec052e30f612090be0de0dd31b1464b35",
                "sha256:69352b45a115808219feaf0bb7a551e9aa76c72684db93cd03f11474165f4569",
                "sha256:6baf4dc11ba0e9f41a6cbde7ecaa7af9cb482559b92ba3254e3e37a518b1970e",
                "sha256:6e979a9225507e3cd830ea73ac68b69fe82f495313a891485800daa5b6567e05",
                "sha256:6ee2d6f8816fce53fa89b6a1ba2d4a96b344bf584d6ed0b10a871b17fff46e49",
                "sha256:734ec4467dd15f9135ca5ecccc91e796a67d27c227e81554f9e06b1bb3b28d6d",
                "sha256:74456c579cfd53f883cdcc0700e3871648a3316767efc1adf8c723ad3d8addec",
                "sha256:77bdc96dc24e32839557cde3785f8039a369c95529ff9179044b81d0ba4bd02c",
                "sha256:798b4d6c388116effa7523591e4e39865292e4fa74e169b05a0759a16f604ce1",
                "sha256:853d63f4a07b2ea2131ba0831aeec11f6a6ee5e290e8f175bf56842762d7412e",
                "sha256:8b650d779a46441dccd02e7ee8326dbd0dec633c6bd75e9fe13373a6b19570dd",
                "sha256:90da9dea0a1c0a907d511f124cd87fe090c0e30a951c3fe68bc9782ae4f2c77f",
                "sha256:989606e440492736112b471dcd80586e3d4a63bc6f8ff4f9d1d612e0f96cb683",
                "sha256:98f67bd36532582751dcc9021fdb60e7efc82e5717ae5927b84d0b86ea58fe12",
                "sha256:9949f704b80d0e601587d0a3b1a0cc6ff5d49528f6dfc1c8a1476b2137bb925e",
                "sha256:9a86dcca4bb406f80e7a18c233aec0e76a7530c456e24aa1e19a708a34f2aac1",
                "sha256:9d72527fde329e3b566b67c954237be52b07d6e84ff23dcc1e94499755cacff6",
                "sha256:9f17407491164beb689d426f7985f79ae9dfa69868653cfbdb95645f6bf05cb0",
                "sha256:a29e3aa0fe05fb2cc6b31039f448aa6206d7f0cdb660c98aa9be6d12070d6840",
                "sha256:a3bad4d43009fa61ea40d887e6fa89ae7c4e62dff5e4a878d60b76cf245720bb",
                "sha256:ac9e05f846392e983fb59f74ed2334031b366251d16d24122e4c85f70fb6e2da",
                "sha256:b3621256bc8058a7973f736b9e2c940e17133476265a0a83b8df8c0f446ca32f",
                "sha256:bc830a689a55e404f0e23d7d69e01c218fa8a0be54a6ca5df45b6fbfeeac648a",
                "sha256:d11da4946e19f3b24a873b2ba2891cc226a89bb398561c62dfb966a9b6501a4a",
                "sha256:d841dfa15b932bdad27f5149bce86b32d0dd8a29679ed61405677317b6893447",
                "sha256:de1a091ab89b7ba50501a915a0fbdceb52b079c752f4f7c76d2060237774a714",
                "sha256:e04b61ddffd4ccb4d7ab823b2e55dbb4ad47c37697e311fae4b98b3c023ab194",
                "sha256:e4c2110173649acf67bd763bbd2a9c3a863a1d20fd7f3db3493ce4e0fb04fae5",
                "sha256:f6edb73619aa0a5fe4a77d97dd9d39bfeef61a5afe71aa5bdceccf59b933999e",
                "sha256:fade8ccf7afbc1e7ea353159fa90cc04395f2f4f57658160d7a02f6aa60c4e77",
                "sha256:ffced8535cc673fcfb411d28ba5744689a6978fa596c803725a76f43c1bda911"
            ],
            "markers": "python_version >= '3.6'",
            "version": "==0.18"
        },
        "importlib-metadata": {
            "hashes": [
                "sha256:65a9576a5b2d58ca44d133c42a241905cc45e34d2c06fd5ba2bafa221e5d7b5e",
                "sha256:766abffff765960fcc18003801f7044eb6755ffae4521c8e8ce8e83b9c9b0668"
            ],
            "markers": "python_version < '3.8'",
            "version": "==4.8.3"
        },
        "numpy": {
            "hashes": [
                "sha256:012426a41bc9ab63bb158635aecccc7610e3eff5d31d1eb43bc099debc979d94",
                "sha256:06fab248a088e439402141ea04f0fffb203723148f6ee791e9c75b3e9e82f080",
                "sha256:0eef32ca3132a48e43f6a0f5a82cb508f22ce5a3d6f67a8329c81c8e226d3f6e",
                "sha256:1ded4fce9cfaaf24e7a0ab51b7a87be9038ea1ace7f34b841fe3b6894c721d1c",
                "sha256:2e55195bc1c6b705bfd8ad6f288b38b11b1af32f3c8289d6c50d47f950c12e76",
                "sha256:2ea52bd92ab9f768cc64a4c3ef8f4b2580a17af0a5436f6126b08efbd1838371",
                "sha256:36674959eed6957e61f11c912f71e78857a8d0604171dfd9ce9ad5cbf41c511c",
                "sha256:384ec0463d1c2671170901994aeb6dce126de0a95ccc3976c43b0038a37329c2",
                "sha256:39b70c19ec771805081578cc936bbe95336798b7edf4732ed102e7a43ec5c07a",
                "sha256:400580cbd3cff6ffa6293df2278c75aef2d58d8d93d3c5614cd67981dae68ceb",
                "sha256:43d4c81d5ffdff6bae58d66a3cd7f54a7acd9a0e7b18d97abb255defc09e3140",
                "sha256:50a4a0ad0111cc1b71fa32dedd05fa239f7fb5a43a40663269bb5dc7877cfd28",
                "sha256:603aa0706be710eea8884af807b1b3bc9fb2e49b9f4da439e76000f3b3c6ff0f",
                "sha256:6149a185cece5ee78d1d196938b2a8f9d09f5a5ebfbba66969302a778d5ddd1d",
                "sha256:759e4095edc3c1b3ac031f34d9459fa781777a93ccc633a472a5468587a190ff",
                "sha256:7fb43004bce0ca31d8f13a6eb5e943fa73371381e53f7074ed21a4cb786c32f8",
                "sha256:811daee36a58dc79cf3d8bdd4a490e4277d0e4b7d103a001a4e73ddb48e7e6aa",
                "sha256:8b5e972b43c8fc27d56550b4120fe6257fdc15f9301914380b27f74856299fea",
                "sha256:99abf4f353c3d1a0c7a5f27699482c987cf663b1eac20db59b8c7b061eabd7fc",
                "sha256:a0d53e51a6cb6f0d9082decb7a4cb6dfb33055308c4c44f53103c073f649af73",
                "sha256:a12ff4c8ddfee61f90a1633a4c4afd3f7bcb32b11c52026c92a12e1325922d0d",
                "sha256:a4646724fba402aa7504cd48b4b50e783296b5e10a524c7a6da62e4a8ac9698d",
                "sha256:a76f502430dd98d7546e1ea2250a7360c065a5fdea52b2dffe8ae7180909b6f4",
                "sha256:a9d17f2be3b427fbb2bce61e596cf555d6f8a56c222bd2ca148baeeb5e5c783c",
                "sha256:ab83f24d5c52d60dbc8cd0528759532736b56db58adaa7b5f1f76ad551416a1e",
                "sha256:aeb9ed923be74e659984e321f609b9ba54a48354bfd168d21a2b072ed1e833ea",
                "sha256:c843b3f50d1ab7361ca4f0b3639bf691569493a56808a0b0c54a051d260b7dbd",
                "sha256:cae865b1cae1ec2663d8ea56ef6ff185bad091a5e33ebbadd98de2cfa3fa668f",
                "sha256:cc6bd4fd593cb261332568485e20a0712883cf631f6f5e8e86a52caa8b2b50ff",
                "sha256:cf2402002d3d9f91c8b01e66fbb436a4ed01c6498fffed0e4c7566da1d40ee1e",
                "sha256:d051ec1c64b85ecc69531e1137bb9751c6830772ee5c1c426dbcfe98ef5788d7",
                "sha256:d6631f2e867676b13026e2846180e2c13c1e11289d67da08d71cacb2cd93d4aa",
                "sha256:dbd18bcf4889b720ba13a27ec2f2aac1981bd41203b3a3b27ba7a33f88ae4827",
                "sha256:df609c82f18c5b9f6cb97271f03315ff0dbe481a2a02e56aeb1b1a985ce38e60"
            ],
            "markers": "python_version >= '3.6'",
            "version": "==1.19.5"
        },
        "pandas": {
            "hashes": [
                "sha256:0a643bae4283a37732ddfcecab3f62dd082996021b980f580903f4e8e01b3c5b",
                "sha256:0de3ddb414d30798cbf56e642d82cac30a80223ad6fe484d66c0ce01a84d6f2f",
                "sha256:19a2148a1d02791352e9fa637899a78e371a3516ac6da5c4edc718f60cbae648",
                "sha256:21b5a2b033380adbdd36b3116faaf9a4663e375325831dac1b519a44f9e439bb",
                "sha256:24c7f8d4aee71bfa6401faeba367dd654f696a77151a8a28bc2013f7ced4af98",
                "sha256:26fa92d3ac743a149a31b21d6f4337b0594b6302ea5575b37af9ca9611e8981a",
                "sha256:2860a97cbb25444ffc0088b457da0a79dc79f9c601238a3e0644312fcc14bf11",
                "sha256:2b1c6cd28a0dfda75c7b5957363333f01d370936e4c6276b7b8e696dd500582a",
                "sha256:2c2f7c670ea4e60318e4b7e474d56447cf0c7d83b3c2a5405a0dbb2600b9c48e",
                "sha256:3be7a7a0ca71a2640e81d9276f526bca63505850add10206d0da2e8a0a325dae",
                "sha256:4c62e94d5d49db116bef1bd5c2486723a292d79409fc9abd51adf9e05329101d",
                "sha256:5008374ebb990dad9ed48b0f5d0038124c73748f5384cc8c46904dace27082d9",
                "sha256:5447ea7af4005b0daf695a316a423b96374c9c73ffbd4533209c5ddc369e644b",
                "sha256:573fba5b05bf2c69271a32e52399c8de599e4a15ab7cec47d3b9c904125ab788",
                "sha256:5a780260afc88268a9d3ac3511d8f494fdcf637eece62fb9eb656a63d53eb7ca",
                "sha256:70865f96bb38fec46f7ebd66d4b5cfd0aa6b842073f298d621385ae3898d28b5",
                "sha256:731568be71fba1e13cae212c362f3d2ca8932e83cb1b85e3f1b4dd77d019254a",
                "sha256:b61080750d19a0122469ab59b087380721d6b72a4e7d962e4d7e63e0c4504814",
                "sha256:bf23a3b54d128b50f4f9d4675b3c1857a688cc6731a32f931837d72effb2698d",
                "sha256:c16d59c15d946111d2716856dd5479221c9e4f2f5c7bc2d617f39d870031e086",
                "sha256:c61c043aafb69329d0f961b19faa30b1dab709dd34c9388143fc55680059e55a",
                "sha256:c94ff2780a1fd89f190390130d6d36173ca59fcfb3fe0ff596f9a56518191ccb",
                "sha256:edda9bacc3843dfbeebaf7a701763e68e741b08fccb889c003b0a52f0ee95782",
                "sha256:f10fc41ee3c75a474d3bdf68d396f10782d013d7f67db99c0efbfd0acb99701b"
            ],
            "index": "pypi",
            "version": "==1.1.5"
        },
        "pyarrow": {
            "hashes": [
                "sha256:02baee816456a6e64486e587caaae2bf9f084fa3a891354ff18c3e945a1cb72f",
                "sha256:04c752fb41921d0064568a15a87dbb0222cfbe9040d4b2c1b306fe6e0a453530",
                "sha256:0e0ef24b316c544f4bb56f5c376129097df3739e665feca0eb567f716d45c55a",
                "sha256:1cd4de317df01679e538004123d6d7bc325d73bad5c6bbc3d5f8aa2280408869",
                "sha256:1f4f3db1da51db4cfbafab3066a01b01578884206dced9f505da950d9ed4402d",
                "sha256:1fd077c06061b8fa8fdf91591a4270e368f63cf73c6ab56924d3b64efa96a873",
                "sha256:2403c8af207262ce8e2bc1a9d19313941fd2e424f1cb3c4b749c17efe1fd699a",
                "sha256:2523f87bd36877123fc8c4813f60d298722143ead73e907690a87e8557114693",
                "sha256:2c13ec3b26b3b069d673c5fa3a0c70c38f0d5c94686ac5dbc9d7e7d24040f812",
                "sha256:31038366484e538608f43920a5e2957b8862a43aa49438814619b527f50ec127",
                "sha256:423990d56cd8f12283b67367d48e142739b789085185018eb03d05087c3c8d43",
                "sha256:5308f4bb770b48e07c8cff36cf6a4452862e8ce9492428ad5581d846420b3884",
                "sha256:604782b1c744b24a55df80125991a7154fbdef60991eb3d02bfaed06d22f055e",
                "sha256:632bea00c2fbe2da5d29ff1698fec312ed3aabfb548f06100144e1907e22093a",
                "sha256:6b6483bf6b61fe9a046235e4ad4d9286b707607878d7dbdc2eb85a6ec4090baf",
                "sha256:71891049dc58039a9523e1cb0d921be001dacb2b327fa7b62a35b96a3aad9f0d",
                "sha256:725d3fe49dfe392ff14a8ae6a75b230a60e8985f2b621b18cfa912fe02b65f1a",
                "sha256:7ecad40a1d4e0104cd87757a403f36850261e7a989cf9e4cb3e30420bbbd1092",
                "sha256:8f7d34efb9d667f9204b40ce91a77613c46691c24cd098e3b6986bd7401b8f06",
                "sha256:943141dd8cca6c5722552a0b11a3c2e791cdf85f1768dea8170b0a8a7e824ff9",
                "sha256:954326b426eec6e31ff55209f8840b54d788420e96c4005aaa7beed1fe60b42d",
                "sha256:981ccdf4f2696550733e18da882469893d2f33f55f3cbeb6a90f81741cbf67aa",
                "sha256:9e90e75cb11e61ffeffb374f1db7c4788f1df0cb269596bf86c473155294958d",
                "sha256:a424fd9a3253d0322d53be7bbb20b5b01511706a61efadcf37f416da325e3d48",
                "sha256:b63b54dd0bada05fff76c15b233f9322de0e6947071b7871ec45024e16045aeb",
                "sha256:b8628269bd9289cae0ea668f5900451043252fe3666667f614e140084dd31aac",
                "sha256:c3a727642c1283dcb44728f0d0a00f8864b171e31c835f4b8def07e3fa8f5c73",
                "sha256:c80d2436294a07f9cc54852aa1cef034b6f9c97d29235c4bd53bbf52e24f1ebf",
                "sha256:c958cf3a4a9eee09e1063c02b89e882d19c61b3a2ce6cbd55191a6f45ed5004b",
                "sha256:cde4f711cd9476d4da18128c3a40cb529b6b7d2679aee6e0576212547530fef1",
                "sha256:d29605727865177918e806d855fd8404b6242bf1e56ade0a0023cd4fe5f7f841",
                "sha256:dc03c875e5d68b0d0143f94c438add3ab3c2411ade2748423a9c24608fea571e",
                "sha256:e3c9184335da8faf08c0df95668ce9d778df3795ce4eec959f44908742900e10",
                "sha256:e77b1f7c6c08ec319b7882c1a7c7304731530923532b3243060e6e64c456cf34",
                "sha256:f150b4f222d0ba397388908725692232345adaa8e58ad543ca00f03c7234ae7b",
                "sha256:fab8132193ae095c43b1e8d6d7f393451ac198de5aaf011c6b576b1442966fec"
            ],
            "index": "pypi",
            "version": "==6.0.1"
        },
        "pydantic": {
            "hashes": [
                "sha256:02eefd7087268b711a3ff4db528e9916ac9aa18616da7bca69c1871d0b7a091f",
                "sha256:059b6c1795170809103a1538255883e1983e5b831faea6558ef873d4955b4a74",
                "sha256:0bf07cab5b279859c253d26a9194a8906e6f4a210063b84b433cf90a569de0c1",
                "sha256:1542636a39c4892c4f4fa6270696902acb186a9aaeac6f6cf92ce6ae2e88564b",
                "sha256:177071dfc0df6248fd22b43036f936cfe2508077a72af0933d0c1fa269b18537",
                "sha256:18f3e912f9ad1bdec27fb06b8198a2ccc32f201e24174cec1b3424dda605a310",
                "sha256:1dd8fecbad028cd89d04a46688d2fcc14423e8a196d5b0a5c65105664901f810",
                "sha256:1ed987c3ff29fff7fd8c3ea3a3ea877ad310aae2ef9889a119e22d3f2db0691a",
                "sha256:447d5521575f18e18240906beadc58551e97ec98142266e521c34968c76c8761",
                "sha256:494f7c8537f0c02b740c229af4cb47c0d39840b829ecdcfc93d91dcbb0779892",
                "sha256:4988c0f13c42bfa9ddd2fe2f569c9d54646ce84adc5de84228cfe83396f3bd58",
                "sha256:4ce9ae9e91f46c344bec3b03d6ee9612802682c1551aaf627ad24045ce090761",
                "sha256:5d93d4e95eacd313d2c765ebe40d49ca9dd2ed90e5b37d0d421c597af830c195",
                "sha256:61b6760b08b7c395975d893e0b814a11cf011ebb24f7d869e7118f5a339a82e1",
                "sha256:72ccb318bf0c9ab97fc04c10c37683d9eea952ed526707fabf9ac5ae59b701fd",
                "sha256:79b485767c13788ee314669008d01f9ef3bc05db9ea3298f6a50d3ef596a154b",
                "sha256:7eb57ba90929bac0b6cc2af2373893d80ac559adda6933e562dcfb375029acee",
                "sha256:8bc541a405423ce0e51c19f637050acdbdf8feca34150e0d17f675e72d119580",
                "sha256:969dd06110cb780da01336b281f53e2e7eb3a482831df441fb65dd30403f4608",
                "sha256:985ceb5d0a86fcaa61e45781e567a59baa0da292d5ed2e490d612d0de5796918",
                "sha256:9bcf8b6e011be08fb729d110f3e22e654a50f8a826b0575c7196616780683380",
                "sha256:9ce157d979f742a915b75f792dbd6aa63b8eccaf46a1005ba03aa8a986bde34a",
                "sha256:9f659a5ee95c8baa2436d392267988fd0f43eb774e5eb8739252e5a7e9cf07e0",
                "sha256:a4a88dcd6ff8fd47c18b3a3709a89adb39a6373f4482e04c1b765045c7e282fd",
                "sha256:a955260d47f03df08acf45689bd163ed9df82c0e0124beb4251b1290fa7ae728",
                "sha256:a9af62e9b5b9bc67b2a195ebc2c2662fdf498a822d62f902bf27cccb52dbbf49",
                "sha256:ae72f8098acb368d877b210ebe02ba12585e77bd0db78ac04a1ee9b9f5dd2166",
                "sha256:b83ba3825bc91dfa989d4eed76865e71aea3a6ca1388b59fc801ee04c4d8d0d6",
                "sha256:c11951b404e08b01b151222a1cb1a9f0a860a8153ce8334149ab9199cd198131",
                "sha256:c320c64dd876e45254bdd350f0179da737463eea41c43bacbee9d8c9d1021f11",
                "sha256:c8098a724c2784bf03e8070993f6d46aa2eeca031f8d8a048dff277703e6e193",
                "sha256:d12f96b5b64bec3f43c8e82b4aab7599d0157f11c798c9f9c528a72b9e0b339a",
                "sha256:e565a785233c2d03724c4dc55464559639b1ba9ecf091288dd47ad9c629433bd",
                "sha256:f0f047e11febe5c3198ed346b507e1d010330d56ad615a7e0a89fae604065a0e",
                "sha256:fe4670cb32ea98ffbf5a1262f14c3e102cccd92b1869df3bb09538158ba90fe6"
            ],
            "markers": "python_full_version >= '3.6.1'",
            "version": "==1.9.1"
        },
        "python-dateutil": {
            "hashes": [
                "sha256:0123cacc1627ae19ddf3c27a5de5bd67ee4586fbdd6440d9748f8abb483d3e86",
                "sha256:961d03dc3453ebbc59dbdea9e4e11c5651520a876d0f4db161e8674aae935da9"
            ],
            "markers": "python_version >= '2.7' and python_version not in '3.0, 3.1, 3.2, 3.3'",
            "version": "==2.8.2"
        },
        "pytz": {
            "hashes": [
                "sha256:1e760e2fe6a8163bc0b3d9a19c4f84342afa0a2affebfaa84b01b978a02ecaa7",
                "sha256:e68985985296d9a66a881eb3193b0906246245294a881e7c8afe623866ac6a5c"
            ],
            "version": "==2022.1"
        },
        "requests": {
            "hashes": [
                "sha256:68d7c56fd5a8999887728ef304a6d12edc7be74f1cfa47714fc8b414525c9a61",
                "sha256:f22fa1e554c9ddfd16e6e41ac79759e17be9e492b3587efa038054674760e72d"
            ],
            "index": "pypi",
            "version": "==2.27.1"
        },
        "six": {
            "hashes": [
                "sha256:1e61c37477a1626458e36f7b1d82aa5c9b094fa4802892072e49de9c60c4c926",
                "sha256:8abb2f1d86890a2dfb989f9a77cfcfd3e47c2a354b01111771326f8aa26e0254"
            ],
            "markers": "python_version >= '2.7' and python_version not in '3.0, 3.1, 3.2, 3.3'",
            "version": "==1.16.0"
        },
        "sniffio": {
            "hashes": [
                "sha256:471b71698eac1c2112a40ce2752bb2f4a4814c22a54a3eed3676bc0f5ca9f663",
                "sha256:c4666eecec1d3f50960c6bdf61ab7bc350648da6c126e3cf6898d8cd4ddcd3de"
            ],
            "markers": "python_version >= '3.5'",
            "version": "==1.2.0"
        },
        "starlette": {
            "hashes": [
                "sha256:5a60c5c2d051f3a8eb546136aa0c9399773a689595e099e0877704d5888279bf",
                "sha256:c6d21096774ecb9639acad41b86b7706e52ba3bf1dc13ea4ed9ad593d47e24c7"
            ],
            "markers": "python_version >= '3.6'",
            "version": "==0.19.1"
        },
        "typing-extensions": {
            "hashes": [
                "sha256:1a9462dcc3347a79b1f1c0271fbe79e844580bb598bafa1ed208b94da3cdcd42",
                "sha256:21c85e0fe4b9a155d0799430b0ad741cdce7e359660ccbd8b530613e8df88ce2"
            ],
            "markers": "python_version < '3.10'",
            "version": "==4.1.1"
        },
        "urllib3": {
            "hashes": [
                "sha256:44ece4d53fb1706f667c9bd1c648f5469a2ec925fcf3a776667042d645472c14",
                "sha256:aabaf16477806a5e1dd19aa41f8c2b7950dd3c746362d7e3223dbe6de6ac448e"
            ],
            "markers": "python_version >= '2.7' and python_version not in '3.0, 3.1, 3.2, 3.3, 3.4' and python_version < '4'",
            "version": "==1.26.9"
        },
        "uvicorn": {
            "hashes": [
                "sha256:d8c839231f270adaa6d338d525e2652a0b4a5f4c2430b5c4ef6ae4d11776b0d2",
                "sha256:eacb66afa65e0648fcbce5e746b135d09722231ffffc61883d4fac2b62fbea8d"
            ],
            "index": "pypi",
            "version": "==0.16.0"
        },
        "zipp": {
            "hashes": [
                "sha256:71c644c5369f4a6e07636f0aa966270449561fcea2e3d6747b8d23efaa9d7832",
                "sha256:9fe5ea21568a0a70e50f273397638d39b03353731e6cbbb3fd8502a33fec40bc"
            ],
            "markers": "python_version >= '3.6'",
            "version": "==3.6.0"
        }
    },
    "develop": {}
}
